// !$*UTF8*$!
{
	archiveVersion = 1;
	classes = {
	};
	objectVersion = 48;
	objects = {

/* Begin PBXBuildFile section */
		1E11DC5D201E168C0097CBC0 /* Legend.swift in Sources */ = {isa = PBXBuildFile; fileRef = 1E11DC5C201E168C0097CBC0 /* Legend.swift */; };
		1E11DC5F201E414A0097CBC0 /* WikiViewController.swift in Sources */ = {isa = PBXBuildFile; fileRef = 1E11DC5E201E414A0097CBC0 /* WikiViewController.swift */; };
		1E11DC61201E868C0097CBC0 /* BirdsViewController.swift in Sources */ = {isa = PBXBuildFile; fileRef = 1E11DC60201E868C0097CBC0 /* BirdsViewController.swift */; };
		1E87671520234B2700F927B9 /* TidmarshDeviceViewController.swift in Sources */ = {isa = PBXBuildFile; fileRef = 1E87671420234B2700F927B9 /* TidmarshDeviceViewController.swift */; };
		1E96837C201BF669007F7F06 /* SensorCount.swift in Sources */ = {isa = PBXBuildFile; fileRef = 1E96837B201BF668007F7F06 /* SensorCount.swift */; };
		1EA951A3201A4CF4000E2552 /* AppDelegate.swift in Sources */ = {isa = PBXBuildFile; fileRef = 1EA951A2201A4CF4000E2552 /* AppDelegate.swift */; };
		1EA951A5201A4CF4000E2552 /* ViewController.swift in Sources */ = {isa = PBXBuildFile; fileRef = 1EA951A4201A4CF4000E2552 /* ViewController.swift */; };
		1EA951A8201A4CF4000E2552 /* Main.storyboard in Resources */ = {isa = PBXBuildFile; fileRef = 1EA951A6201A4CF4000E2552 /* Main.storyboard */; };
		1EA951AB201A4CF4000E2552 /* tidzam.xcdatamodeld in Sources */ = {isa = PBXBuildFile; fileRef = 1EA951A9201A4CF4000E2552 /* tidzam.xcdatamodeld */; };
		1EA951AD201A4CF4000E2552 /* Assets.xcassets in Resources */ = {isa = PBXBuildFile; fileRef = 1EA951AC201A4CF4000E2552 /* Assets.xcassets */; };
		1EA951B0201A4CF4000E2552 /* LaunchScreen.storyboard in Resources */ = {isa = PBXBuildFile; fileRef = 1EA951AE201A4CF4000E2552 /* LaunchScreen.storyboard */; };
		1EA951BB201A4CF5000E2552 /* tidzamTests.swift in Sources */ = {isa = PBXBuildFile; fileRef = 1EA951BA201A4CF5000E2552 /* tidzamTests.swift */; };
		1EA951C6201A4CF5000E2552 /* tidzamUITests.swift in Sources */ = {isa = PBXBuildFile; fileRef = 1EA951C5201A4CF5000E2552 /* tidzamUITests.swift */; };
		1EA951D4201A4D93000E2552 /* Device.swift in Sources */ = {isa = PBXBuildFile; fileRef = 1EA951D3201A4D93000E2552 /* Device.swift */; };
		1EA951D6201A5960000E2552 /* SpeciesDevice.swift in Sources */ = {isa = PBXBuildFile; fileRef = 1EA951D5201A595F000E2552 /* SpeciesDevice.swift */; };
		300E1B96E67D38CE7710B615 /* Pods_tidzam.framework in Frameworks */ = {isa = PBXBuildFile; fileRef = 583FC3890125BCE0FF75B72B /* Pods_tidzam.framework */; settings = {ATTRIBUTES = (Required, ); }; };
		3906425EDC5B0B7267269AE7 /* Pods_tidzamUITests.framework in Frameworks */ = {isa = PBXBuildFile; fileRef = D8006CE9743F4903596742FC /* Pods_tidzamUITests.framework */; };
		71378A1BBD58E91D108E78AE /* Pods_tidzamTests.framework in Frameworks */ = {isa = PBXBuildFile; fileRef = FE5C810DD00DC043E95B1D85 /* Pods_tidzamTests.framework */; };
/* End PBXBuildFile section */

/* Begin PBXContainerItemProxy section */
		1EA951B7201A4CF5000E2552 /* PBXContainerItemProxy */ = {
			isa = PBXContainerItemProxy;
			containerPortal = 1EA95197201A4CF4000E2552 /* Project object */;
			proxyType = 1;
			remoteGlobalIDString = 1EA9519E201A4CF4000E2552;
			remoteInfo = tidzam;
		};
		1EA951C2201A4CF5000E2552 /* PBXContainerItemProxy */ = {
			isa = PBXContainerItemProxy;
			containerPortal = 1EA95197201A4CF4000E2552 /* Project object */;
			proxyType = 1;
			remoteGlobalIDString = 1EA9519E201A4CF4000E2552;
			remoteInfo = tidzam;
		};
/* End PBXContainerItemProxy section */

/* Begin PBXCopyFilesBuildPhase section */
		1E8767122022039000F927B9 /* Embed Frameworks */ = {
			isa = PBXCopyFilesBuildPhase;
			buildActionMask = 2147483647;
			dstPath = "";
			dstSubfolderSpec = 10;
			files = (
			);
			name = "Embed Frameworks";
			runOnlyForDeploymentPostprocessing = 0;
		};
/* End PBXCopyFilesBuildPhase section */

/* Begin PBXFileReference section */
		03CC5D0155477BD080042C0B /* Pods-tidzamUITests.release.xcconfig */ = {isa = PBXFileReference; includeInIndex = 1; lastKnownFileType = text.xcconfig; name = "Pods-tidzamUITests.release.xcconfig"; path = "Pods/Target Support Files/Pods-tidzamUITests/Pods-tidzamUITests.release.xcconfig"; sourceTree = "<group>"; };
		13E75EF37035F84D0C4EBFAC /* Pods-tidzamTests.release.xcconfig */ = {isa = PBXFileReference; includeInIndex = 1; lastKnownFileType = text.xcconfig; name = "Pods-tidzamTests.release.xcconfig"; path = "Pods/Target Support Files/Pods-tidzamTests/Pods-tidzamTests.release.xcconfig"; sourceTree = "<group>"; };
		1E11DC5C201E168C0097CBC0 /* Legend.swift */ = {isa = PBXFileReference; lastKnownFileType = sourcecode.swift; path = Legend.swift; sourceTree = "<group>"; };
		1E11DC5E201E414A0097CBC0 /* WikiViewController.swift */ = {isa = PBXFileReference; lastKnownFileType = sourcecode.swift; path = WikiViewController.swift; sourceTree = "<group>"; };
		1E11DC60201E868C0097CBC0 /* BirdsViewController.swift */ = {isa = PBXFileReference; lastKnownFileType = sourcecode.swift; path = BirdsViewController.swift; sourceTree = "<group>"; };
		1E8767132022074900F927B9 /* tidzam-Bridging-Header.h */ = {isa = PBXFileReference; lastKnownFileType = sourcecode.c.h; path = "tidzam-Bridging-Header.h"; sourceTree = "<group>"; };
		1E87671420234B2700F927B9 /* TidmarshDeviceViewController.swift */ = {isa = PBXFileReference; lastKnownFileType = sourcecode.swift; path = TidmarshDeviceViewController.swift; sourceTree = "<group>"; };
		1E96837B201BF668007F7F06 /* SensorCount.swift */ = {isa = PBXFileReference; lastKnownFileType = sourcecode.swift; path = SensorCount.swift; sourceTree = "<group>"; };
		1EA9519F201A4CF4000E2552 /* tidzam.app */ = {isa = PBXFileReference; explicitFileType = wrapper.application; includeInIndex = 0; path = tidzam.app; sourceTree = BUILT_PRODUCTS_DIR; };
		1EA951A2201A4CF4000E2552 /* AppDelegate.swift */ = {isa = PBXFileReference; lastKnownFileType = sourcecode.swift; path = AppDelegate.swift; sourceTree = "<group>"; };
		1EA951A4201A4CF4000E2552 /* ViewController.swift */ = {isa = PBXFileReference; lastKnownFileType = sourcecode.swift; path = ViewController.swift; sourceTree = "<group>"; };
		1EA951A7201A4CF4000E2552 /* Base */ = {isa = PBXFileReference; lastKnownFileType = file.storyboard; name = Base; path = Base.lproj/Main.storyboard; sourceTree = "<group>"; };
		1EA951AA201A4CF4000E2552 /* tidzam.xcdatamodel */ = {isa = PBXFileReference; lastKnownFileType = wrapper.xcdatamodel; path = tidzam.xcdatamodel; sourceTree = "<group>"; };
		1EA951AC201A4CF4000E2552 /* Assets.xcassets */ = {isa = PBXFileReference; lastKnownFileType = folder.assetcatalog; path = Assets.xcassets; sourceTree = "<group>"; };
		1EA951AF201A4CF4000E2552 /* Base */ = {isa = PBXFileReference; lastKnownFileType = file.storyboard; name = Base; path = Base.lproj/LaunchScreen.storyboard; sourceTree = "<group>"; };
		1EA951B1201A4CF4000E2552 /* Info.plist */ = {isa = PBXFileReference; lastKnownFileType = text.plist.xml; path = Info.plist; sourceTree = "<group>"; };
		1EA951B6201A4CF5000E2552 /* tidzamTests.xctest */ = {isa = PBXFileReference; explicitFileType = wrapper.cfbundle; includeInIndex = 0; path = tidzamTests.xctest; sourceTree = BUILT_PRODUCTS_DIR; };
		1EA951BA201A4CF5000E2552 /* tidzamTests.swift */ = {isa = PBXFileReference; lastKnownFileType = sourcecode.swift; path = tidzamTests.swift; sourceTree = "<group>"; };
		1EA951BC201A4CF5000E2552 /* Info.plist */ = {isa = PBXFileReference; lastKnownFileType = text.plist.xml; path = Info.plist; sourceTree = "<group>"; };
		1EA951C1201A4CF5000E2552 /* tidzamUITests.xctest */ = {isa = PBXFileReference; explicitFileType = wrapper.cfbundle; includeInIndex = 0; path = tidzamUITests.xctest; sourceTree = BUILT_PRODUCTS_DIR; };
		1EA951C5201A4CF5000E2552 /* tidzamUITests.swift */ = {isa = PBXFileReference; lastKnownFileType = sourcecode.swift; path = tidzamUITests.swift; sourceTree = "<group>"; };
		1EA951C7201A4CF5000E2552 /* Info.plist */ = {isa = PBXFileReference; lastKnownFileType = text.plist.xml; path = Info.plist; sourceTree = "<group>"; };
		1EA951D3201A4D93000E2552 /* Device.swift */ = {isa = PBXFileReference; lastKnownFileType = sourcecode.swift; path = Device.swift; sourceTree = "<group>"; };
		1EA951D5201A595F000E2552 /* SpeciesDevice.swift */ = {isa = PBXFileReference; lastKnownFileType = sourcecode.swift; path = SpeciesDevice.swift; sourceTree = "<group>"; };
		3EC7F043DD57DB3FF8F1844D /* Pods-tidzamUITests.debug.xcconfig */ = {isa = PBXFileReference; includeInIndex = 1; lastKnownFileType = text.xcconfig; name = "Pods-tidzamUITests.debug.xcconfig"; path = "Pods/Target Support Files/Pods-tidzamUITests/Pods-tidzamUITests.debug.xcconfig"; sourceTree = "<group>"; };
		3ECB99D2B5C9CA88FBE605D6 /* Pods-tidzamTests.debug.xcconfig */ = {isa = PBXFileReference; includeInIndex = 1; lastKnownFileType = text.xcconfig; name = "Pods-tidzamTests.debug.xcconfig"; path = "Pods/Target Support Files/Pods-tidzamTests/Pods-tidzamTests.debug.xcconfig"; sourceTree = "<group>"; };
		583FC3890125BCE0FF75B72B /* Pods_tidzam.framework */ = {isa = PBXFileReference; explicitFileType = wrapper.framework; includeInIndex = 0; path = Pods_tidzam.framework; sourceTree = BUILT_PRODUCTS_DIR; };
		6EEEBD90C0E2FC4CB6610B77 /* Pods-tidzam.release.xcconfig */ = {isa = PBXFileReference; includeInIndex = 1; lastKnownFileType = text.xcconfig; name = "Pods-tidzam.release.xcconfig"; path = "Pods/Target Support Files/Pods-tidzam/Pods-tidzam.release.xcconfig"; sourceTree = "<group>"; };
		D8006CE9743F4903596742FC /* Pods_tidzamUITests.framework */ = {isa = PBXFileReference; explicitFileType = wrapper.framework; includeInIndex = 0; path = Pods_tidzamUITests.framework; sourceTree = BUILT_PRODUCTS_DIR; };
		E1B253026AF5F3CB341767E4 /* Pods-tidzam.debug.xcconfig */ = {isa = PBXFileReference; includeInIndex = 1; lastKnownFileType = text.xcconfig; name = "Pods-tidzam.debug.xcconfig"; path = "Pods/Target Support Files/Pods-tidzam/Pods-tidzam.debug.xcconfig"; sourceTree = "<group>"; };
		FE5C810DD00DC043E95B1D85 /* Pods_tidzamTests.framework */ = {isa = PBXFileReference; explicitFileType = wrapper.framework; includeInIndex = 0; path = Pods_tidzamTests.framework; sourceTree = BUILT_PRODUCTS_DIR; };
/* End PBXFileReference section */

/* Begin PBXFrameworksBuildPhase section */
		1EA9519C201A4CF4000E2552 /* Frameworks */ = {
			isa = PBXFrameworksBuildPhase;
			buildActionMask = 2147483647;
			files = (
				300E1B96E67D38CE7710B615 /* Pods_tidzam.framework in Frameworks */,
			);
			runOnlyForDeploymentPostprocessing = 0;
		};
		1EA951B3201A4CF5000E2552 /* Frameworks */ = {
			isa = PBXFrameworksBuildPhase;
			buildActionMask = 2147483647;
			files = (
				71378A1BBD58E91D108E78AE /* Pods_tidzamTests.framework in Frameworks */,
			);
			runOnlyForDeploymentPostprocessing = 0;
		};
		1EA951BE201A4CF5000E2552 /* Frameworks */ = {
			isa = PBXFrameworksBuildPhase;
			buildActionMask = 2147483647;
			files = (
				3906425EDC5B0B7267269AE7 /* Pods_tidzamUITests.framework in Frameworks */,
			);
			runOnlyForDeploymentPostprocessing = 0;
		};
/* End PBXFrameworksBuildPhase section */

/* Begin PBXGroup section */
		1EA95196201A4CF4000E2552 = {
			isa = PBXGroup;
			children = (
				1EA951A1201A4CF4000E2552 /* tidzam */,
				1EA951B9201A4CF5000E2552 /* tidzamTests */,
				1EA951C4201A4CF5000E2552 /* tidzamUITests */,
				1EA951A0201A4CF4000E2552 /* Products */,
				E69DEF24BB617FBF0072026C /* Pods */,
				AC37F85BFF488F66B1C538D4 /* Frameworks */,
			);
			sourceTree = "<group>";
		};
		1EA951A0201A4CF4000E2552 /* Products */ = {
			isa = PBXGroup;
			children = (
				1EA9519F201A4CF4000E2552 /* tidzam.app */,
				1EA951B6201A4CF5000E2552 /* tidzamTests.xctest */,
				1EA951C1201A4CF5000E2552 /* tidzamUITests.xctest */,
			);
			name = Products;
			sourceTree = "<group>";
		};
		1EA951A1201A4CF4000E2552 /* tidzam */ = {
			isa = PBXGroup;
			children = (
				1E8767132022074900F927B9 /* tidzam-Bridging-Header.h */,
				1EA951A2201A4CF4000E2552 /* AppDelegate.swift */,
				1EA951A4201A4CF4000E2552 /* ViewController.swift */,
				1EA951A6201A4CF4000E2552 /* Main.storyboard */,
				1EA951AC201A4CF4000E2552 /* Assets.xcassets */,
				1EA951AE201A4CF4000E2552 /* LaunchScreen.storyboard */,
				1EA951B1201A4CF4000E2552 /* Info.plist */,
				1EA951A9201A4CF4000E2552 /* tidzam.xcdatamodeld */,
				1EA951D3201A4D93000E2552 /* Device.swift */,
				1EA951D5201A595F000E2552 /* SpeciesDevice.swift */,
				1E96837B201BF668007F7F06 /* SensorCount.swift */,
				1E11DC5C201E168C0097CBC0 /* Legend.swift */,
				1E11DC5E201E414A0097CBC0 /* WikiViewController.swift */,
				1E11DC60201E868C0097CBC0 /* BirdsViewController.swift */,
				1E87671420234B2700F927B9 /* TidmarshDeviceViewController.swift */,
			);
			path = tidzam;
			sourceTree = "<group>";
		};
		1EA951B9201A4CF5000E2552 /* tidzamTests */ = {
			isa = PBXGroup;
			children = (
				1EA951BA201A4CF5000E2552 /* tidzamTests.swift */,
				1EA951BC201A4CF5000E2552 /* Info.plist */,
			);
			path = tidzamTests;
			sourceTree = "<group>";
		};
		1EA951C4201A4CF5000E2552 /* tidzamUITests */ = {
			isa = PBXGroup;
			children = (
				1EA951C5201A4CF5000E2552 /* tidzamUITests.swift */,
				1EA951C7201A4CF5000E2552 /* Info.plist */,
			);
			path = tidzamUITests;
			sourceTree = "<group>";
		};
		AC37F85BFF488F66B1C538D4 /* Frameworks */ = {
			isa = PBXGroup;
			children = (
				583FC3890125BCE0FF75B72B /* Pods_tidzam.framework */,
				FE5C810DD00DC043E95B1D85 /* Pods_tidzamTests.framework */,
				D8006CE9743F4903596742FC /* Pods_tidzamUITests.framework */,
			);
			name = Frameworks;
			sourceTree = "<group>";
		};
		E69DEF24BB617FBF0072026C /* Pods */ = {
			isa = PBXGroup;
			children = (
				E1B253026AF5F3CB341767E4 /* Pods-tidzam.debug.xcconfig */,
				6EEEBD90C0E2FC4CB6610B77 /* Pods-tidzam.release.xcconfig */,
				3ECB99D2B5C9CA88FBE605D6 /* Pods-tidzamTests.debug.xcconfig */,
				13E75EF37035F84D0C4EBFAC /* Pods-tidzamTests.release.xcconfig */,
				3EC7F043DD57DB3FF8F1844D /* Pods-tidzamUITests.debug.xcconfig */,
				03CC5D0155477BD080042C0B /* Pods-tidzamUITests.release.xcconfig */,
			);
			name = Pods;
			sourceTree = "<group>";
		};
/* End PBXGroup section */

/* Begin PBXNativeTarget section */
		1EA9519E201A4CF4000E2552 /* tidzam */ = {
			isa = PBXNativeTarget;
			buildConfigurationList = 1EA951CA201A4CF5000E2552 /* Build configuration list for PBXNativeTarget "tidzam" */;
			buildPhases = (
				352888A74046DE8D0D54B78F /* [CP] Check Pods Manifest.lock */,
				1EA9519B201A4CF4000E2552 /* Sources */,
				1EA9519C201A4CF4000E2552 /* Frameworks */,
				1EA9519D201A4CF4000E2552 /* Resources */,
				BC4FE75C3BE88139AC6641A7 /* [CP] Embed Pods Frameworks */,
				1D0722459C0F44C26ECA2AF9 /* [CP] Copy Pods Resources */,
				1E8767122022039000F927B9 /* Embed Frameworks */,
			);
			buildRules = (
			);
			dependencies = (
			);
			name = tidzam;
			productName = tidzam;
			productReference = 1EA9519F201A4CF4000E2552 /* tidzam.app */;
			productType = "com.apple.product-type.application";
		};
		1EA951B5201A4CF5000E2552 /* tidzamTests */ = {
			isa = PBXNativeTarget;
			buildConfigurationList = 1EA951CD201A4CF5000E2552 /* Build configuration list for PBXNativeTarget "tidzamTests" */;
			buildPhases = (
				4F9D8EEDDC9D1C20DE32A588 /* [CP] Check Pods Manifest.lock */,
				1EA951B2201A4CF5000E2552 /* Sources */,
				1EA951B3201A4CF5000E2552 /* Frameworks */,
				1EA951B4201A4CF5000E2552 /* Resources */,
				6145E60AA0E2AFEBFC480323 /* [CP] Embed Pods Frameworks */,
				746BE00DACF078D0D85CC534 /* [CP] Copy Pods Resources */,
			);
			buildRules = (
			);
			dependencies = (
				1EA951B8201A4CF5000E2552 /* PBXTargetDependency */,
			);
			name = tidzamTests;
			productName = tidzamTests;
			productReference = 1EA951B6201A4CF5000E2552 /* tidzamTests.xctest */;
			productType = "com.apple.product-type.bundle.unit-test";
		};
		1EA951C0201A4CF5000E2552 /* tidzamUITests */ = {
			isa = PBXNativeTarget;
			buildConfigurationList = 1EA951D0201A4CF5000E2552 /* Build configuration list for PBXNativeTarget "tidzamUITests" */;
			buildPhases = (
				AB111DE76477BFF0498E7EA8 /* [CP] Check Pods Manifest.lock */,
				1EA951BD201A4CF5000E2552 /* Sources */,
				1EA951BE201A4CF5000E2552 /* Frameworks */,
				1EA951BF201A4CF5000E2552 /* Resources */,
				1DF73E17A0B0F9D2FC1EEAFC /* [CP] Embed Pods Frameworks */,
				1BB29E390CCED8D5DE6A24BB /* [CP] Copy Pods Resources */,
			);
			buildRules = (
			);
			dependencies = (
				1EA951C3201A4CF5000E2552 /* PBXTargetDependency */,
			);
			name = tidzamUITests;
			productName = tidzamUITests;
			productReference = 1EA951C1201A4CF5000E2552 /* tidzamUITests.xctest */;
			productType = "com.apple.product-type.bundle.ui-testing";
		};
/* End PBXNativeTarget section */

/* Begin PBXProject section */
		1EA95197201A4CF4000E2552 /* Project object */ = {
			isa = PBXProject;
			attributes = {
				LastSwiftUpdateCheck = 0920;
				LastUpgradeCheck = 0920;
				ORGANIZATIONNAME = "Lachihab Sabri";
				TargetAttributes = {
					1EA9519E201A4CF4000E2552 = {
						CreatedOnToolsVersion = 9.2;
						LastSwiftMigration = 0920;
						ProvisioningStyle = Automatic;
					};
					1EA951B5201A4CF5000E2552 = {
						CreatedOnToolsVersion = 9.2;
						ProvisioningStyle = Automatic;
						TestTargetID = 1EA9519E201A4CF4000E2552;
					};
					1EA951C0201A4CF5000E2552 = {
						CreatedOnToolsVersion = 9.2;
						ProvisioningStyle = Automatic;
						TestTargetID = 1EA9519E201A4CF4000E2552;
					};
				};
			};
			buildConfigurationList = 1EA9519A201A4CF4000E2552 /* Build configuration list for PBXProject "tidzam" */;
			compatibilityVersion = "Xcode 8.0";
			developmentRegion = en;
			hasScannedForEncodings = 0;
			knownRegions = (
				en,
				Base,
			);
			mainGroup = 1EA95196201A4CF4000E2552;
			productRefGroup = 1EA951A0201A4CF4000E2552 /* Products */;
			projectDirPath = "";
			projectRoot = "";
			targets = (
				1EA9519E201A4CF4000E2552 /* tidzam */,
				1EA951B5201A4CF5000E2552 /* tidzamTests */,
				1EA951C0201A4CF5000E2552 /* tidzamUITests */,
			);
		};
/* End PBXProject section */

/* Begin PBXResourcesBuildPhase section */
		1EA9519D201A4CF4000E2552 /* Resources */ = {
			isa = PBXResourcesBuildPhase;
			buildActionMask = 2147483647;
			files = (
				1EA951B0201A4CF4000E2552 /* LaunchScreen.storyboard in Resources */,
				1EA951AD201A4CF4000E2552 /* Assets.xcassets in Resources */,
				1EA951A8201A4CF4000E2552 /* Main.storyboard in Resources */,
			);
			runOnlyForDeploymentPostprocessing = 0;
		};
		1EA951B4201A4CF5000E2552 /* Resources */ = {
			isa = PBXResourcesBuildPhase;
			buildActionMask = 2147483647;
			files = (
			);
			runOnlyForDeploymentPostprocessing = 0;
		};
		1EA951BF201A4CF5000E2552 /* Resources */ = {
			isa = PBXResourcesBuildPhase;
			buildActionMask = 2147483647;
			files = (
			);
			runOnlyForDeploymentPostprocessing = 0;
		};
/* End PBXResourcesBuildPhase section */

/* Begin PBXShellScriptBuildPhase section */
		1BB29E390CCED8D5DE6A24BB /* [CP] Copy Pods Resources */ = {
			isa = PBXShellScriptBuildPhase;
			buildActionMask = 2147483647;
			files = (
			);
			inputPaths = (
			);
			name = "[CP] Copy Pods Resources";
			outputPaths = (
			);
			runOnlyForDeploymentPostprocessing = 0;
			shellPath = /bin/sh;
			shellScript = "\"${SRCROOT}/Pods/Target Support Files/Pods-tidzamUITests/Pods-tidzamUITests-resources.sh\"\n";
			showEnvVarsInLog = 0;
		};
		1D0722459C0F44C26ECA2AF9 /* [CP] Copy Pods Resources */ = {
			isa = PBXShellScriptBuildPhase;
			buildActionMask = 2147483647;
			files = (
			);
			inputPaths = (
				"${SRCROOT}/Pods/Target Support Files/Pods-tidzam/Pods-tidzam-resources.sh",
				"${PODS_ROOT}/GoogleMaps/Maps/Frameworks/GoogleMaps.framework/Resources/GoogleMaps.bundle",
			);
			name = "[CP] Copy Pods Resources";
			outputPaths = (
				"${TARGET_BUILD_DIR}/${UNLOCALIZED_RESOURCES_FOLDER_PATH}/GoogleMaps.bundle",
			);
			runOnlyForDeploymentPostprocessing = 0;
			shellPath = /bin/sh;
			shellScript = "\"${SRCROOT}/Pods/Target Support Files/Pods-tidzam/Pods-tidzam-resources.sh\"\n";
			showEnvVarsInLog = 0;
		};
		1DF73E17A0B0F9D2FC1EEAFC /* [CP] Embed Pods Frameworks */ = {
			isa = PBXShellScriptBuildPhase;
			buildActionMask = 2147483647;
			files = (
			);
			inputPaths = (
			);
			name = "[CP] Embed Pods Frameworks";
			outputPaths = (
			);
			runOnlyForDeploymentPostprocessing = 0;
			shellPath = /bin/sh;
			shellScript = "\"${SRCROOT}/Pods/Target Support Files/Pods-tidzamUITests/Pods-tidzamUITests-frameworks.sh\"\n";
			showEnvVarsInLog = 0;
		};
		352888A74046DE8D0D54B78F /* [CP] Check Pods Manifest.lock */ = {
			isa = PBXShellScriptBuildPhase;
			buildActionMask = 2147483647;
			files = (
			);
			inputPaths = (
				"${PODS_PODFILE_DIR_PATH}/Podfile.lock",
				"${PODS_ROOT}/Manifest.lock",
			);
			name = "[CP] Check Pods Manifest.lock";
			outputPaths = (
				"$(DERIVED_FILE_DIR)/Pods-tidzam-checkManifestLockResult.txt",
			);
			runOnlyForDeploymentPostprocessing = 0;
			shellPath = /bin/sh;
			shellScript = "diff \"${PODS_PODFILE_DIR_PATH}/Podfile.lock\" \"${PODS_ROOT}/Manifest.lock\" > /dev/null\nif [ $? != 0 ] ; then\n    # print error to STDERR\n    echo \"error: The sandbox is not in sync with the Podfile.lock. Run 'pod install' or update your CocoaPods installation.\" >&2\n    exit 1\nfi\n# This output is used by Xcode 'outputs' to avoid re-running this script phase.\necho \"SUCCESS\" > \"${SCRIPT_OUTPUT_FILE_0}\"\n";
			showEnvVarsInLog = 0;
		};
		4F9D8EEDDC9D1C20DE32A588 /* [CP] Check Pods Manifest.lock */ = {
			isa = PBXShellScriptBuildPhase;
			buildActionMask = 2147483647;
			files = (
			);
			inputPaths = (
				"${PODS_PODFILE_DIR_PATH}/Podfile.lock",
				"${PODS_ROOT}/Manifest.lock",
			);
			name = "[CP] Check Pods Manifest.lock";
			outputPaths = (
				"$(DERIVED_FILE_DIR)/Pods-tidzamTests-checkManifestLockResult.txt",
			);
			runOnlyForDeploymentPostprocessing = 0;
			shellPath = /bin/sh;
			shellScript = "diff \"${PODS_PODFILE_DIR_PATH}/Podfile.lock\" \"${PODS_ROOT}/Manifest.lock\" > /dev/null\nif [ $? != 0 ] ; then\n    # print error to STDERR\n    echo \"error: The sandbox is not in sync with the Podfile.lock. Run 'pod install' or update your CocoaPods installation.\" >&2\n    exit 1\nfi\n# This output is used by Xcode 'outputs' to avoid re-running this script phase.\necho \"SUCCESS\" > \"${SCRIPT_OUTPUT_FILE_0}\"\n";
			showEnvVarsInLog = 0;
		};
		6145E60AA0E2AFEBFC480323 /* [CP] Embed Pods Frameworks */ = {
			isa = PBXShellScriptBuildPhase;
			buildActionMask = 2147483647;
			files = (
			);
			inputPaths = (
			);
			name = "[CP] Embed Pods Frameworks";
			outputPaths = (
			);
			runOnlyForDeploymentPostprocessing = 0;
			shellPath = /bin/sh;
			shellScript = "\"${SRCROOT}/Pods/Target Support Files/Pods-tidzamTests/Pods-tidzamTests-frameworks.sh\"\n";
			showEnvVarsInLog = 0;
		};
		746BE00DACF078D0D85CC534 /* [CP] Copy Pods Resources */ = {
			isa = PBXShellScriptBuildPhase;
			buildActionMask = 2147483647;
			files = (
			);
			inputPaths = (
			);
			name = "[CP] Copy Pods Resources";
			outputPaths = (
			);
			runOnlyForDeploymentPostprocessing = 0;
			shellPath = /bin/sh;
			shellScript = "\"${SRCROOT}/Pods/Target Support Files/Pods-tidzamTests/Pods-tidzamTests-resources.sh\"\n";
			showEnvVarsInLog = 0;
		};
		AB111DE76477BFF0498E7EA8 /* [CP] Check Pods Manifest.lock */ = {
			isa = PBXShellScriptBuildPhase;
			buildActionMask = 2147483647;
			files = (
			);
			inputPaths = (
				"${PODS_PODFILE_DIR_PATH}/Podfile.lock",
				"${PODS_ROOT}/Manifest.lock",
			);
			name = "[CP] Check Pods Manifest.lock";
			outputPaths = (
				"$(DERIVED_FILE_DIR)/Pods-tidzamUITests-checkManifestLockResult.txt",
			);
			runOnlyForDeploymentPostprocessing = 0;
			shellPath = /bin/sh;
			shellScript = "diff \"${PODS_PODFILE_DIR_PATH}/Podfile.lock\" \"${PODS_ROOT}/Manifest.lock\" > /dev/null\nif [ $? != 0 ] ; then\n    # print error to STDERR\n    echo \"error: The sandbox is not in sync with the Podfile.lock. Run 'pod install' or update your CocoaPods installation.\" >&2\n    exit 1\nfi\n# This output is used by Xcode 'outputs' to avoid re-running this script phase.\necho \"SUCCESS\" > \"${SCRIPT_OUTPUT_FILE_0}\"\n";
			showEnvVarsInLog = 0;
		};
		BC4FE75C3BE88139AC6641A7 /* [CP] Embed Pods Frameworks */ = {
			isa = PBXShellScriptBuildPhase;
			buildActionMask = 2147483647;
			files = (
			);
			inputPaths = (
				"${SRCROOT}/Pods/Target Support Files/Pods-tidzam/Pods-tidzam-frameworks.sh",
				"${BUILT_PRODUCTS_DIR}/Charts/Charts.framework",
			);
			name = "[CP] Embed Pods Frameworks";
			outputPaths = (
				"${TARGET_BUILD_DIR}/${FRAMEWORKS_FOLDER_PATH}/Charts.framework",
			);
			runOnlyForDeploymentPostprocessing = 0;
			shellPath = /bin/sh;
			shellScript = "\"${SRCROOT}/Pods/Target Support Files/Pods-tidzam/Pods-tidzam-frameworks.sh\"\n";
			showEnvVarsInLog = 0;
		};
/* End PBXShellScriptBuildPhase section */

/* Begin PBXSourcesBuildPhase section */
		1EA9519B201A4CF4000E2552 /* Sources */ = {
			isa = PBXSourcesBuildPhase;
			buildActionMask = 2147483647;
			files = (
				1EA951AB201A4CF4000E2552 /* tidzam.xcdatamodeld in Sources */,
				1E11DC61201E868C0097CBC0 /* BirdsViewController.swift in Sources */,
				1E96837C201BF669007F7F06 /* SensorCount.swift in Sources */,
				1EA951A5201A4CF4000E2552 /* ViewController.swift in Sources */,
				1E87671520234B2700F927B9 /* TidmarshDeviceViewController.swift in Sources */,
				1E11DC5D201E168C0097CBC0 /* Legend.swift in Sources */,
				1EA951A3201A4CF4000E2552 /* AppDelegate.swift in Sources */,
				1EA951D4201A4D93000E2552 /* Device.swift in Sources */,
				1E11DC5F201E414A0097CBC0 /* WikiViewController.swift in Sources */,
				1EA951D6201A5960000E2552 /* SpeciesDevice.swift in Sources */,
			);
			runOnlyForDeploymentPostprocessing = 0;
		};
		1EA951B2201A4CF5000E2552 /* Sources */ = {
			isa = PBXSourcesBuildPhase;
			buildActionMask = 2147483647;
			files = (
				1EA951BB201A4CF5000E2552 /* tidzamTests.swift in Sources */,
			);
			runOnlyForDeploymentPostprocessing = 0;
		};
		1EA951BD201A4CF5000E2552 /* Sources */ = {
			isa = PBXSourcesBuildPhase;
			buildActionMask = 2147483647;
			files = (
				1EA951C6201A4CF5000E2552 /* tidzamUITests.swift in Sources */,
			);
			runOnlyForDeploymentPostprocessing = 0;
		};
/* End PBXSourcesBuildPhase section */

/* Begin PBXTargetDependency section */
		1EA951B8201A4CF5000E2552 /* PBXTargetDependency */ = {
			isa = PBXTargetDependency;
			target = 1EA9519E201A4CF4000E2552 /* tidzam */;
			targetProxy = 1EA951B7201A4CF5000E2552 /* PBXContainerItemProxy */;
		};
		1EA951C3201A4CF5000E2552 /* PBXTargetDependency */ = {
			isa = PBXTargetDependency;
			target = 1EA9519E201A4CF4000E2552 /* tidzam */;
			targetProxy = 1EA951C2201A4CF5000E2552 /* PBXContainerItemProxy */;
		};
/* End PBXTargetDependency section */

/* Begin PBXVariantGroup section */
		1EA951A6201A4CF4000E2552 /* Main.storyboard */ = {
			isa = PBXVariantGroup;
			children = (
				1EA951A7201A4CF4000E2552 /* Base */,
			);
			name = Main.storyboard;
			sourceTree = "<group>";
		};
		1EA951AE201A4CF4000E2552 /* LaunchScreen.storyboard */ = {
			isa = PBXVariantGroup;
			children = (
				1EA951AF201A4CF4000E2552 /* Base */,
			);
			name = LaunchScreen.storyboard;
			sourceTree = "<group>";
		};
/* End PBXVariantGroup section */

/* Begin XCBuildConfiguration section */
		1EA951C8201A4CF5000E2552 /* Debug */ = {
			isa = XCBuildConfiguration;
			buildSettings = {
				ALWAYS_SEARCH_USER_PATHS = NO;
				CLANG_ANALYZER_NONNULL = YES;
				CLANG_ANALYZER_NUMBER_OBJECT_CONVERSION = YES_AGGRESSIVE;
				CLANG_CXX_LANGUAGE_STANDARD = "gnu++14";
				CLANG_CXX_LIBRARY = "libc++";
				CLANG_ENABLE_MODULES = YES;
				CLANG_ENABLE_OBJC_ARC = YES;
				CLANG_WARN_BLOCK_CAPTURE_AUTORELEASING = YES;
				CLANG_WARN_BOOL_CONVERSION = YES;
				CLANG_WARN_COMMA = YES;
				CLANG_WARN_CONSTANT_CONVERSION = YES;
				CLANG_WARN_DIRECT_OBJC_ISA_USAGE = YES_ERROR;
				CLANG_WARN_DOCUMENTATION_COMMENTS = YES;
				CLANG_WARN_EMPTY_BODY = YES;
				CLANG_WARN_ENUM_CONVERSION = YES;
				CLANG_WARN_INFINITE_RECURSION = YES;
				CLANG_WARN_INT_CONVERSION = YES;
				CLANG_WARN_NON_LITERAL_NULL_CONVERSION = YES;
				CLANG_WARN_OBJC_LITERAL_CONVERSION = YES;
				CLANG_WARN_OBJC_ROOT_CLASS = YES_ERROR;
				CLANG_WARN_RANGE_LOOP_ANALYSIS = YES;
				CLANG_WARN_STRICT_PROTOTYPES = YES;
				CLANG_WARN_SUSPICIOUS_MOVE = YES;
				CLANG_WARN_UNGUARDED_AVAILABILITY = YES_AGGRESSIVE;
				CLANG_WARN_UNREACHABLE_CODE = YES;
				CLANG_WARN__DUPLICATE_METHOD_MATCH = YES;
				CODE_SIGN_IDENTITY = "iPhone Developer";
				COPY_PHASE_STRIP = NO;
				DEBUG_INFORMATION_FORMAT = dwarf;
				ENABLE_STRICT_OBJC_MSGSEND = YES;
				ENABLE_TESTABILITY = YES;
				GCC_C_LANGUAGE_STANDARD = gnu11;
				GCC_DYNAMIC_NO_PIC = NO;
				GCC_NO_COMMON_BLOCKS = YES;
				GCC_OPTIMIZATION_LEVEL = 0;
				GCC_PREPROCESSOR_DEFINITIONS = (
					"DEBUG=1",
					"$(inherited)",
				);
				GCC_WARN_64_TO_32_BIT_CONVERSION = YES;
				GCC_WARN_ABOUT_RETURN_TYPE = YES_ERROR;
				GCC_WARN_UNDECLARED_SELECTOR = YES;
				GCC_WARN_UNINITIALIZED_AUTOS = YES_AGGRESSIVE;
				GCC_WARN_UNUSED_FUNCTION = YES;
				GCC_WARN_UNUSED_VARIABLE = YES;
				IPHONEOS_DEPLOYMENT_TARGET = 11.2;
				MTL_ENABLE_DEBUG_INFO = YES;
				ONLY_ACTIVE_ARCH = YES;
				SDKROOT = iphoneos;
				SWIFT_ACTIVE_COMPILATION_CONDITIONS = DEBUG;
				SWIFT_OPTIMIZATION_LEVEL = "-Onone";
			};
			name = Debug;
		};
		1EA951C9201A4CF5000E2552 /* Release */ = {
			isa = XCBuildConfiguration;
			buildSettings = {
				ALWAYS_SEARCH_USER_PATHS = NO;
				CLANG_ANALYZER_NONNULL = YES;
				CLANG_ANALYZER_NUMBER_OBJECT_CONVERSION = YES_AGGRESSIVE;
				CLANG_CXX_LANGUAGE_STANDARD = "gnu++14";
				CLANG_CXX_LIBRARY = "libc++";
				CLANG_ENABLE_MODULES = YES;
				CLANG_ENABLE_OBJC_ARC = YES;
				CLANG_WARN_BLOCK_CAPTURE_AUTORELEASING = YES;
				CLANG_WARN_BOOL_CONVERSION = YES;
				CLANG_WARN_COMMA = YES;
				CLANG_WARN_CONSTANT_CONVERSION = YES;
				CLANG_WARN_DIRECT_OBJC_ISA_USAGE = YES_ERROR;
				CLANG_WARN_DOCUMENTATION_COMMENTS = YES;
				CLANG_WARN_EMPTY_BODY = YES;
				CLANG_WARN_ENUM_CONVERSION = YES;
				CLANG_WARN_INFINITE_RECURSION = YES;
				CLANG_WARN_INT_CONVERSION = YES;
				CLANG_WARN_NON_LITERAL_NULL_CONVERSION = YES;
				CLANG_WARN_OBJC_LITERAL_CONVERSION = YES;
				CLANG_WARN_OBJC_ROOT_CLASS = YES_ERROR;
				CLANG_WARN_RANGE_LOOP_ANALYSIS = YES;
				CLANG_WARN_STRICT_PROTOTYPES = YES;
				CLANG_WARN_SUSPICIOUS_MOVE = YES;
				CLANG_WARN_UNGUARDED_AVAILABILITY = YES_AGGRESSIVE;
				CLANG_WARN_UNREACHABLE_CODE = YES;
				CLANG_WARN__DUPLICATE_METHOD_MATCH = YES;
				CODE_SIGN_IDENTITY = "iPhone Developer";
				COPY_PHASE_STRIP = NO;
				DEBUG_INFORMATION_FORMAT = "dwarf-with-dsym";
				ENABLE_NS_ASSERTIONS = NO;
				ENABLE_STRICT_OBJC_MSGSEND = YES;
				GCC_C_LANGUAGE_STANDARD = gnu11;
				GCC_NO_COMMON_BLOCKS = YES;
				GCC_WARN_64_TO_32_BIT_CONVERSION = YES;
				GCC_WARN_ABOUT_RETURN_TYPE = YES_ERROR;
				GCC_WARN_UNDECLARED_SELECTOR = YES;
				GCC_WARN_UNINITIALIZED_AUTOS = YES_AGGRESSIVE;
				GCC_WARN_UNUSED_FUNCTION = YES;
				GCC_WARN_UNUSED_VARIABLE = YES;
				IPHONEOS_DEPLOYMENT_TARGET = 11.2;
				MTL_ENABLE_DEBUG_INFO = NO;
				SDKROOT = iphoneos;
				SWIFT_OPTIMIZATION_LEVEL = "-Owholemodule";
				VALIDATE_PRODUCT = YES;
			};
			name = Release;
		};
		1EA951CB201A4CF5000E2552 /* Debug */ = {
			isa = XCBuildConfiguration;
			baseConfigurationReference = E1B253026AF5F3CB341767E4 /* Pods-tidzam.debug.xcconfig */;
			buildSettings = {
				ASSETCATALOG_COMPILER_APPICON_NAME = AppIcon;
				CLANG_ENABLE_MODULES = YES;
				CODE_SIGN_STYLE = Automatic;
				DEVELOPMENT_TEAM = 8KVZ5P7MWF;
				INFOPLIST_FILE = tidzam/Info.plist;
				LD_RUNPATH_SEARCH_PATHS = "$(inherited) @executable_path/Frameworks";
				PRODUCT_BUNDLE_IDENTIFIER = "Lachihab-Sabri.tidzam";
				PRODUCT_NAME = "$(TARGET_NAME)";
				SWIFT_OBJC_BRIDGING_HEADER = "tidzam/tidzam-Bridging-Header.h";
				SWIFT_OPTIMIZATION_LEVEL = "-Onone";
				SWIFT_VERSION = 4.0;
				TARGETED_DEVICE_FAMILY = "1,2";
			};
			name = Debug;
		};
		1EA951CC201A4CF5000E2552 /* Release */ = {
			isa = XCBuildConfiguration;
			baseConfigurationReference = 6EEEBD90C0E2FC4CB6610B77 /* Pods-tidzam.release.xcconfig */;
			buildSettings = {
				ASSETCATALOG_COMPILER_APPICON_NAME = AppIcon;
				CLANG_ENABLE_MODULES = YES;
				CODE_SIGN_STYLE = Automatic;
				DEVELOPMENT_TEAM = 8KVZ5P7MWF;
				INFOPLIST_FILE = tidzam/Info.plist;
				LD_RUNPATH_SEARCH_PATHS = "$(inherited) @executable_path/Frameworks";
				PRODUCT_BUNDLE_IDENTIFIER = "Lachihab-Sabri.tidzam";
				PRODUCT_NAME = "$(TARGET_NAME)";
				SWIFT_OBJC_BRIDGING_HEADER = "tidzam/tidzam-Bridging-Header.h";
				SWIFT_VERSION = 4.0;
				TARGETED_DEVICE_FAMILY = "1,2";
			};
			name = Release;
		};
		1EA951CE201A4CF5000E2552 /* Debug */ = {
			isa = XCBuildConfiguration;
			baseConfigurationReference = 3ECB99D2B5C9CA88FBE605D6 /* Pods-tidzamTests.debug.xcconfig */;
			buildSettings = {
				ALWAYS_EMBED_SWIFT_STANDARD_LIBRARIES = YES;
				BUNDLE_LOADER = "$(TEST_HOST)";
				CODE_SIGN_STYLE = Automatic;
				DEVELOPMENT_TEAM = 8KVZ5P7MWF;
				INFOPLIST_FILE = tidzamTests/Info.plist;
				LD_RUNPATH_SEARCH_PATHS = "$(inherited) @executable_path/Frameworks @loader_path/Frameworks";
				PRODUCT_BUNDLE_IDENTIFIER = "Lachihab-Sabri.tidzamTests";
				PRODUCT_NAME = "$(TARGET_NAME)";
				SWIFT_VERSION = 4.0;
				TARGETED_DEVICE_FAMILY = "1,2";
				TEST_HOST = "$(BUILT_PRODUCTS_DIR)/tidzam.app/tidzam";
			};
			name = Debug;
		};
		1EA951CF201A4CF5000E2552 /* Release */ = {
			isa = XCBuildConfiguration;
			baseConfigurationReference = 13E75EF37035F84D0C4EBFAC /* Pods-tidzamTests.release.xcconfig */;
			buildSettings = {
				ALWAYS_EMBED_SWIFT_STANDARD_LIBRARIES = YES;
				BUNDLE_LOADER = "$(TEST_HOST)";
				CODE_SIGN_STYLE = Automatic;
				DEVELOPMENT_TEAM = 8KVZ5P7MWF;
				INFOPLIST_FILE = tidzamTests/Info.plist;
				LD_RUNPATH_SEARCH_PATHS = "$(inherited) @executable_path/Frameworks @loader_path/Frameworks";
				PRODUCT_BUNDLE_IDENTIFIER = "Lachihab-Sabri.tidzamTests";
				PRODUCT_NAME = "$(TARGET_NAME)";
				SWIFT_VERSION = 4.0;
				TARGETED_DEVICE_FAMILY = "1,2";
				TEST_HOST = "$(BUILT_PRODUCTS_DIR)/tidzam.app/tidzam";
			};
			name = Release;
		};
		1EA951D1201A4CF5000E2552 /* Debug */ = {
			isa = XCBuildConfiguration;
			baseConfigurationReference = 3EC7F043DD57DB3FF8F1844D /* Pods-tidzamUITests.debug.xcconfig */;
			buildSettings = {
				ALWAYS_EMBED_SWIFT_STANDARD_LIBRARIES = YES;
				CODE_SIGN_STYLE = Automatic;
				DEVELOPMENT_TEAM = 8KVZ5P7MWF;
				INFOPLIST_FILE = tidzamUITests/Info.plist;
				LD_RUNPATH_SEARCH_PATHS = "$(inherited) @executable_path/Frameworks @loader_path/Frameworks";
				PRODUCT_BUNDLE_IDENTIFIER = "Lachihab-Sabri.tidzamUITests";
				PRODUCT_NAME = "$(TARGET_NAME)";
				SWIFT_VERSION = 4.0;
				TARGETED_DEVICE_FAMILY = "1,2";
				TEST_TARGET_NAME = tidzam;
			};
			name = Debug;
		};
		1EA951D2201A4CF5000E2552 /* Release */ = {
			isa = XCBuildConfiguration;
			baseConfigurationReference = 03CC5D0155477BD080042C0B /* Pods-tidzamUITests.release.xcconfig */;
			buildSettings = {
				ALWAYS_EMBED_SWIFT_STANDARD_LIBRARIES = YES;
				CODE_SIGN_STYLE = Automatic;
				DEVELOPMENT_TEAM = 8KVZ5P7MWF;
				INFOPLIST_FILE = tidzamUITests/Info.plist;
				LD_RUNPATH_SEARCH_PATHS = "$(inherited) @executable_path/Frameworks @loader_path/Frameworks";
				PRODUCT_BUNDLE_IDENTIFIER = "Lachihab-Sabri.tidzamUITests";
				PRODUCT_NAME = "$(TARGET_NAME)";
				SWIFT_VERSION = 4.0;
				TARGETED_DEVICE_FAMILY = "1,2";
				TEST_TARGET_NAME = tidzam;
			};
			name = Release;
		};
/* End XCBuildConfiguration section */

/* Begin XCConfigurationList section */
		1EA9519A201A4CF4000E2552 /* Build configuration list for PBXProject "tidzam" */ = {
			isa = XCConfigurationList;
			buildConfigurations = (
				1EA951C8201A4CF5000E2552 /* Debug */,
				1EA951C9201A4CF5000E2552 /* Release */,
			);
			defaultConfigurationIsVisible = 0;
			defaultConfigurationName = Debug;
		};
		1EA951CA201A4CF5000E2552 /* Build configuration list for PBXNativeTarget "tidzam" */ = {
			isa = XCConfigurationList;
			buildConfigurations = (
				1EA951CB201A4CF5000E2552 /* Debug */,
				1EA951CC201A4CF5000E2552 /* Release */,
			);
			defaultConfigurationIsVisible = 0;
			defaultConfigurationName = Debug;
		};
		1EA951CD201A4CF5000E2552 /* Build configuration list for PBXNativeTarget "tidzamTests" */ = {
			isa = XCConfigurationList;
			buildConfigurations = (
				1EA951CE201A4CF5000E2552 /* Debug */,
				1EA951CF201A4CF5000E2552 /* Release */,
			);
			defaultConfigurationIsVisible = 0;
			defaultConfigurationName = Debug;
		};
		1EA951D0201A4CF5000E2552 /* Build configuration list for PBXNativeTarget "tidzamUITests" */ = {
			isa = XCConfigurationList;
			buildConfigurations = (
				1EA951D1201A4CF5000E2552 /* Debug */,
				1EA951D2201A4CF5000E2552 /* Release */,
			);
			defaultConfigurationIsVisible = 0;
			defaultConfigurationName = Debug;
		};
/* End XCConfigurationList section */

/* Begin XCVersionGroup section */
		1EA951A9201A4CF4000E2552 /* tidzam.xcdatamodeld */ = {
			isa = XCVersionGroup;
			children = (
				1EA951AA201A4CF4000E2552 /* tidzam.xcdatamodel */,
			);
			currentVersion = 1EA951AA201A4CF4000E2552 /* tidzam.xcdatamodel */;
			path = tidzam.xcdatamodeld;
			sourceTree = "<group>";
			versionGroupType = wrapper.xcdatamodel;
		};
/* End XCVersionGroup section */
	};
	rootObject = 1EA95197201A4CF4000E2552 /* Project object */;
}
